# This file is automatically @generated by Wally.
# It is not intended for manual editing.
registry = "test"

[[package]]
name = "mattschrubb/fusion"
version = "1.2.4"
dependencies = []

[[package]]
name = "sinlerdev/vinum"
version = "0.2.0"
dependencies = []

[[package]]
name = "sinlerdev/vusion"
version = "0.2.0"
dependencies = [["Fusion", "mattschrubb/fusion@1.2.4"], ["Vinum", "sinlerdev/vinum@0.2.0"]]
